
Microsoft Visual Studio Solution File, Format Version 12.00
# Visual Studio Version 17
VisualStudioVersion = 17.7.34024.191
MinimumVisualStudioVersion = 10.0.40219.1
Project("{FAE04EC0-301F-11D3-BF4B-00C04F79EFBC}") = "KataTest.ProjectToTest", "KataTest.ProjectToTest\KataTest.ProjectToTest.csproj", "{F1181CC9-0737-425F-8ED4-13BC973C92EC}"
EndProject
Project("{FAE04EC0-301F-11D3-BF4B-00C04F79EFBC}") = "KataTest.TU", "KataTest.TU\KataTest.TU.csproj", "{D863CD4B-1633-41CB-BA8F-4D017154BA1D}"
EndProject
Project("{FAE04EC0-301F-11D3-BF4B-00C04F79EFBC}") = "KataTest.SpecflowBase", "KataTest.SpecflowBase\KataTest.SpecflowBase.csproj", "{CEC8ACE0-A136-4740-AD45-8A34C8E2D010}"
EndProject
Project("{2150E333-8FDC-42A3-9474-1A3956D46DE8}") = "Test", "Test", "{E8D6BE9B-A07E-4B29-856A-2B1B4846313A}"
EndProject
Project("{FAE04EC0-301F-11D3-BF4B-00C04F79EFBC}") = "KataTest.Faker", "KataTest.Faker\KataTest.Faker.csproj", "{726F5C13-C289-4E4F-B27B-131A8E23255B}"
EndProject
Project("{FAE04EC0-301F-11D3-BF4B-00C04F79EFBC}") = "Faker.KendoGrid.Generator", "Faker.KendoGrid.Generator\Faker.KendoGrid.Generator.csproj", "{DD6B9F51-AC23-4EED-8FF5-E52B11369D46}"
EndProject
Global
	GlobalSection(SolutionConfigurationPlatforms) = preSolution
		Debug|Any CPU = Debug|Any CPU
		Release|Any CPU = Release|Any CPU
	EndGlobalSection
	GlobalSection(ProjectConfigurationPlatforms) = postSolution
		{F1181CC9-0737-425F-8ED4-13BC973C92EC}.Debug|Any CPU.ActiveCfg = Debug|Any CPU
		{F1181CC9-0737-425F-8ED4-13BC973C92EC}.Debug|Any CPU.Build.0 = Debug|Any CPU
		{F1181CC9-0737-425F-8ED4-13BC973C92EC}.Release|Any CPU.ActiveCfg = Release|Any CPU
		{F1181CC9-0737-425F-8ED4-13BC973C92EC}.Release|Any CPU.Build.0 = Release|Any CPU
		{D863CD4B-1633-41CB-BA8F-4D017154BA1D}.Debug|Any CPU.ActiveCfg = Debug|Any CPU
		{D863CD4B-1633-41CB-BA8F-4D017154BA1D}.Debug|Any CPU.Build.0 = Debug|Any CPU
		{D863CD4B-1633-41CB-BA8F-4D017154BA1D}.Release|Any CPU.ActiveCfg = Release|Any CPU
		{D863CD4B-1633-41CB-BA8F-4D017154BA1D}.Release|Any CPU.Build.0 = Release|Any CPU
		{CEC8ACE0-A136-4740-AD45-8A34C8E2D010}.Debug|Any CPU.ActiveCfg = Debug|Any CPU
		{CEC8ACE0-A136-4740-AD45-8A34C8E2D010}.Debug|Any CPU.Build.0 = Debug|Any CPU
		{CEC8ACE0-A136-4740-AD45-8A34C8E2D010}.Release|Any CPU.ActiveCfg = Release|Any CPU
		{CEC8ACE0-A136-4740-AD45-8A34C8E2D010}.Release|Any CPU.Build.0 = Release|Any CPU
		{726F5C13-C289-4E4F-B27B-131A8E23255B}.Debug|Any CPU.ActiveCfg = Debug|Any CPU
		{726F5C13-C289-4E4F-B27B-131A8E23255B}.Debug|Any CPU.Build.0 = Debug|Any CPU
		{726F5C13-C289-4E4F-B27B-131A8E23255B}.Release|Any CPU.ActiveCfg = Release|Any CPU
		{726F5C13-C289-4E4F-B27B-131A8E23255B}.Release|Any CPU.Build.0 = Release|Any CPU
		{DD6B9F51-AC23-4EED-8FF5-E52B11369D46}.Debug|Any CPU.ActiveCfg = Debug|Any CPU
		{DD6B9F51-AC23-4EED-8FF5-E52B11369D46}.Debug|Any CPU.Build.0 = Debug|Any CPU
		{DD6B9F51-AC23-4EED-8FF5-E52B11369D46}.Release|Any CPU.ActiveCfg = Release|Any CPU
		{DD6B9F51-AC23-4EED-8FF5-E52B11369D46}.Release|Any CPU.Build.0 = Release|Any CPU
	EndGlobalSection
	GlobalSection(SolutionProperties) = preSolution
		HideSolutionNode = FALSE
	EndGlobalSection
	GlobalSection(NestedProjects) = preSolution
		{D863CD4B-1633-41CB-BA8F-4D017154BA1D} = {E8D6BE9B-A07E-4B29-856A-2B1B4846313A}
		{CEC8ACE0-A136-4740-AD45-8A34C8E2D010} = {E8D6BE9B-A07E-4B29-856A-2B1B4846313A}
		{726F5C13-C289-4E4F-B27B-131A8E23255B} = {E8D6BE9B-A07E-4B29-856A-2B1B4846313A}
	EndGlobalSection
EndGlobal
